
Microsoft Visual Studio Solution File, Format Version 12.00
Project("{FAE04EC0-301F-11D3-BF4B-00C04F79EFBC}") = "NoteAppBackend", "NoteAppBackend\NoteAppBackend.csproj", "{ADFED38C-15E3-4315-BC80-9A3765C422D4}"
EndProject
Global
	GlobalSection(SolutionConfigurationPlatforms) = preSolution
		Debug|Any CPU = Debug|Any CPU
		Release|Any CPU = Release|Any CPU
	EndGlobalSection
	GlobalSection(ProjectConfigurationPlatforms) = postSolution
		{ADFED38C-15E3-4315-BC80-9A3765C422D4}.Debug|Any CPU.ActiveCfg = Debug|Any CPU
		{ADFED38C-15E3-4315-BC80-9A3765C422D4}.Debug|Any CPU.Build.0 = Debug|Any CPU
		{ADFED38C-15E3-4315-BC80-9A3765C422D4}.Release|Any CPU.ActiveCfg = Release|Any CPU
		{ADFED38C-15E3-4315-BC80-9A3765C422D4}.Release|Any CPU.Build.0 = Release|Any CPU
	EndGlobalSection
EndGlobal
